github.com/google/uuid v1.6.0 h1:NIvaJDMOsjHA8n1jAhLSgzrAzy1Hgr+hNrb57e+94F0=
github.com/google/uuid v1.6.0/go.mod h1:TIyPZe4MgqvfeYDBFedMoGGpEw/LqOeaOT+nhxU+yHo=
k8s.io/apimachinery v0.34.0 h1:eR1WO5fo0HyoQZt1wdISpFDffnWOvFLOOeJ7MgIv4z0=
k8s.io/apimachinery v0.34.0/go.mod h1:/GwIlEcWuTX9zKIg2mbw0LRFIsXwrfoVxn+ef0X13lw=
